# This file is automatically @generated by Cargo.
# It is not intended for manual editing.
[[package]]
name = "baseball-pi"
version = "0.0.1"
dependencies = [
 "gpio-cdev",
 "spidev",
]

[[package]]
name = "bitflags"
version = "1.2.1"
source = "registry+https://github.com/rust-lang/crates.io-index"
checksum = "cf1de2fe8c75bc145a2f577add951f8134889b4795d47466a54a5c846d691693"

[[package]]
name = "cc"
version = "1.0.67"
source = "registry+https://github.com/rust-lang/crates.io-index"
checksum = "e3c69b077ad434294d3ce9f1f6143a2a4b89a8a2d54ef813d85003a4fd1137fd"

[[package]]
name = "cfg-if"
version = "0.1.10"
source = "registry+https://github.com/rust-lang/crates.io-index"
checksum = "4785bdd1c96b2a846b2bd7cc02e86b6b3dbf14e7e53446c4f54c92a361040822"

[[package]]
name = "gpio-cdev"
version = "0.4.0"
source = "registry+https://github.com/rust-lang/crates.io-index"
checksum = "da59d440ef8c26208b3960ed58b71b896db7dfd6bb138622bba733b66d978c3a"
dependencies = [
 "bitflags",
 "libc",
 "nix",
]

[[package]]
name = "libc"
version = "0.2.94"
source = "registry+https://github.com/rust-lang/crates.io-index"
checksum = "18794a8ad5b29321f790b55d93dfba91e125cb1a9edbd4f8e3150acc771c1a5e"

[[package]]
name = "nix"
version = "0.14.1"
source = "registry+https://github.com/rust-lang/crates.io-index"
checksum = "6c722bee1037d430d0f8e687bbdbf222f27cc6e4e68d5caf630857bb2b6dbdce"
dependencies = [
 "bitflags",
 "cc",
 "cfg-if",
 "libc",
 "void",
]

[[package]]
name = "spidev"
version = "0.4.1"
source = "registry+https://github.com/rust-lang/crates.io-index"
checksum = "83d6d2546cfabc5769643fc2a430d6ef811342329a338d1a892c7d52c587890e"
dependencies = [
 "bitflags",
 "libc",
 "nix",
]

[[package]]
name = "void"
version = "1.0.2"
source = "registry+https://github.com/rust-lang/crates.io-index"
checksum = "6a02e4885ed3bc0f2de90ea6dd45ebcbb66dacffe03547fadbb0eeae2770887d"
